# This file is automatically @generated by Poetry 1.7.0 and should not be changed by hand.

[[package]]
name = "pycups"
version = "2.0.1"
description = "Python bindings for libcups"
optional = false
python-versions = "*"
files = [
    {file = "pycups-2.0.1.tar.gz", hash = "sha256:57434ce5f62548eb12949ca8217f066f4eeb21a5d6ab8b13471dce350e380c90"},
]

[metadata]
lock-version = "2.0"
python-versions = "^3.11"
content-hash = "b174744b0f4bff0d09f73ae19cb3ebfd6b9a1931f510d32f3fb96f2656aaed73"
